# This file was autogenerated by uv via the following command:
#    uv pip compile pyproject.toml -o requirements.lock
numpy==2.2.4
    # via
    #   pose-estimation (pyproject.toml)
    #   opencv-contrib-python
    #   opencv-python
opencv-contrib-python==4.11.0.86
    # via pose-estimation (pyproject.toml)
opencv-python==4.11.0.86
    # via pose-estimation (pyproject.toml)
